{
  "lockfileVersion": 1,
  "configVersion": 1,
  "workspaces": {
    "": {
      "dependencies": {
        "@ai-sdk/openai": "2.0.122",
      },
    },
  },
  "packages": {
    "@ai-sdk/openai": ["@ai-sdk/openai@2.0.122", "", { "dependencies": { "@ai-sdk/provider": "2.0.3", "@ai-sdk/provider-utils": "3.0.35" }, "peerDependencies": { "zod": "^3.25.76 || ^4.1.8" } }, "sha512-/s0KGIbpQvjWgMQaUqmQOt0sdgnE8vFdnxz4tI5r/ICUvvCyCmT5CWrmwIVPEYvKSMMsAyDutal4SW3LarAZsQ=="],

    "@ai-sdk/provider": ["@ai-sdk/provider@2.0.3", "", { "dependencies": { "json-schema": "^0.4.0" } }, "sha512-h88OPkavHTiN9tMn2l5awAznGB0lXzjcLhgR1/rvjB2zlLprsNxbM2tt6OJsHUxduLC3klq0/eqaSf6fX5XVww=="],

    "@ai-sdk/provider-utils": ["@ai-sdk/provider-utils@3.0.35", "", { "dependencies": { "@ai-sdk/provider": "2.0.3", "@standard-schema/spec": "^1.0.0", "eventsource-parser": "^3.0.6", "undici": "^5.29.0" }, "peerDependencies": { "zod": "^3.25.76 || ^4.1.8" } }, "sha512-/5z8tRGuYXwFy0ID+WtiWiECJzH5x/rI/g/3H8x3GQvE4i4etnZfKWAiU23VZEymInh+4l7uMNQJyaNN/54QFw=="],

    "@fastify/busboy": ["@fastify/busboy@2.1.1", "", {}, "sha512-vBZP4NlzfOlerQTnba4aqZoMhE/a9HY7HRqoOPaETQcSQuWEIyZMHGfVu6w9wGtGK5fED5qRs2DteVCjOH60sA=="],

    "@standard-schema/spec": ["@standard-schema/spec@1.1.0", "", {}, "sha512-l2aFy5jALhniG5HgqrD6jXLi/rUWrKvqN/qJx6yoJsgKhblVd+iqqU4RCXavm/jPityDo5TCvKMnpjKnOriy0w=="],

    "eventsource-parser": ["eventsource-parser@3.1.1", "", {}, "sha512-EKN1vKAMcZ8MlYMpaNuxN6R9yakzH6uajHcHVTqWJzvu5pWw9DyhbP35HH8MVBQ+dZjAfDxk+A8NiR9KWaXiyQ=="],

    "json-schema": ["json-schema@0.4.0", "", {}, "sha512-es94M3nTIfsEPisRafak+HDLfHXnKBhV3vU5eqPcS3flIWqcxJWgXHXiey3YrpaNsanY5ei1VoYEbOzijuq9BA=="],

    "undici": ["undici@5.29.0", "", { "dependencies": { "@fastify/busboy": "^2.0.0" } }, "sha512-raqeBD6NQK4SkWhQzeYKd1KmIG6dllBOTt55Rmkt4HtI9mwdWtJljnrXjAFUBLTSN67HWrOIZ3EPF4kjUw80Bg=="],

    "zod": ["zod@4.5.4", "", {}, "sha512-sC95tT5iHHH9gtpj6A81kh+NEaRAUFN+qlUPDUbRfOMvNf5QCBqsb3WgvnpVtK5Y+4UfA6KqufotuTvMGiTlsA=="],
  }
}
